{
    "_readme": [
        "This file locks the dependencies of your project to a known state",
        "Read more about it at https://getcomposer.org/doc/01-basic-usage.md#installing-dependencies",
        "This file is @generated automatically"
    ],
    "content-hash": "8cda65eef08da1c83ca242a530dcaeef",
    "packages": [
        {
            "name": "doctrine/inflector",
            "version": "v1.3.0",
            "source": {
                "type": "git",
                "url": "https://github.com/doctrine/inflector.git",
                "reference": "5527a48b7313d15261292c149e55e26eae771b0a"
            },
            "dist": {
                "type": "zip",
                "url": "https://api.github.com/repos/doctrine/inflector/zipball/5527a48b7313d15261292c149e55e26eae771b0a",
                "reference": "5527a48b7313d15261292c149e55e26eae771b0a",
                "shasum": ""
            },
            "require": {
                "php": "^7.1"
            },
            "require-dev": {
                "phpunit/phpunit": "^6.2"
            },
            "type": "library",
            "extra": {
                "branch-alias": {
                    "dev-master": "1.3.x-dev"
                }
            },
            "autoload": {
                "psr-4": {
                    "Doctrine\\Common\\Inflector\\": "lib/Doctrine/Common/Inflector"
                }
            },
            "notification-url": "https://packagist.org/downloads/",
            "license": [
                "MIT"
            ],
            "authors": [
                {
                    "name": "Roman Borschel",
                    "email": "roman@code-factory.org"
                },
                {
                    "name": "Benjamin Eberlei",
                    "email": "kontakt@beberlei.de"
                },
                {
                    "name": "Guilherme Blanco",
                    "email": "guilhermeblanco@gmail.com"
                },
                {
                    "name": "Jonathan Wage",
                    "email": "jonwage@gmail.com"
                },
                {
                    "name": "Johannes Schmitt",
                    "email": "schmittjoh@gmail.com"
                }
            ],
            "description": "Common String Manipulations with regard to casing and singular/plural rules.",
            "homepage": "http://www.doctrine-project.org",
            "keywords": [
                "inflection",
                "pluralize",
                "singularize",
                "string"
            ],
            "time": "2018-01-09T20:05:19+00:00"
        },
        {
            "name": "illuminate/cache",
            "version": "v5.6.28",
            "source": {
                "type": "git",
                "url": "https://github.com/illuminate/cache.git",
                "reference": "118353ea0ae71b604dadcdaeaaa4aef421f626bc"
            },
            "dist": {
                "type": "zip",
                "url": "https://api.github.com/repos/illuminate/cache/zipball/118353ea0ae71b604dadcdaeaaa4aef421f626bc",
                "reference": "118353ea0ae71b604dadcdaeaaa4aef421f626bc",
                "shasum": ""
            },
            "require": {
                "illuminate/contracts": "5.6.*",
                "illuminate/support": "5.6.*",
                "php": "^7.1.3"
            },
            "suggest": {
                "illuminate/database": "Required to use the database cache driver (5.6.*).",
                "illuminate/filesystem": "Required to use the file cache driver (5.6.*).",
                "illuminate/redis": "Required to use the redis cache driver (5.6.*)."
            },
            "type": "library",
            "extra": {
                "branch-alias": {
                    "dev-master": "5.6-dev"
                }
            },
            "autoload": {
                "psr-4": {
                    "Illuminate\\Cache\\": ""
                }
            },
            "notification-url": "https://packagist.org/downloads/",
            "license": [
                "MIT"
            ],
            "authors": [
                {
                    "name": "Taylor Otwell",
                    "email": "taylor@laravel.com"
                }
            ],
            "description": "The Illuminate Cache package.",
            "homepage": "https://laravel.com",
            "time": "2018-07-11T22:52:00+00:00"
        },
        {
            "name": "illuminate/container",
            "version": "v5.6.28",
            "source": {
                "type": "git",
                "url": "https://github.com/illuminate/container.git",
                "reference": "1f0757cae8749400aeda730f6438a081fc3c082d"
            },
            "dist": {
                "type": "zip",
                "url": "https://api.github.com/repos/illuminate/container/zipball/1f0757cae8749400aeda730f6438a081fc3c082d",
                "reference": "1f0757cae8749400aeda730f6438a081fc3c082d",
                "shasum": ""
            },
            "require": {
                "illuminate/contracts": "5.6.*",
                "php": "^7.1.3",
                "psr/container": "~1.0"
            },
            "type": "library",
            "extra": {
                "branch-alias": {
                    "dev-master": "5.6-dev"
                }
            },
            "autoload": {
                "psr-4": {
                    "Illuminate\\Container\\": ""
                }
            },
            "notification-url": "https://packagist.org/downloads/",
            "license": [
                "MIT"
            ],
            "authors": [
                {
                    "name": "Taylor Otwell",
                    "email": "taylor@laravel.com"
                }
            ],
            "description": "The Illuminate Container package.",
            "homepage": "https://laravel.com",
            "time": "2018-05-24T13:16:56+00:00"
        },
        {
            "name": "illuminate/contracts",
            "version": "v5.6.28",
            "source": {
                "type": "git",
                "url": "https://github.com/illuminate/contracts.git",
                "reference": "3dc639feabe0f302f574157a782ede323881a944"
            },
            "dist": {
                "type": "zip",
                "url": "https://api.github.com/repos/illuminate/contracts/zipball/3dc639feabe0f302f574157a782ede323881a944",
                "reference": "3dc639feabe0f302f574157a782ede323881a944",
                "shasum": ""
            },
            "require": {
                "php": "^7.1.3",
                "psr/container": "~1.0",
                "psr/simple-cache": "~1.0"
            },
            "type": "library",
            "extra": {
                "branch-alias": {
                    "dev-master": "5.6-dev"
                }
            },
            "autoload": {
                "psr-4": {
                    "Illuminate\\Contracts\\": ""
                }
            },
            "notification-url": "https://packagist.org/downloads/",
            "license": [
                "MIT"
            ],
            "authors": [
                {
                    "name": "Taylor Otwell",
                    "email": "taylor@laravel.com"
                }
            ],
            "description": "The Illuminate Contracts package.",
            "homepage": "https://laravel.com",
            "time": "2018-05-11T23:38:58+00:00"
        },
        {
            "name": "illuminate/database",
            "version": "v5.6.28",
            "source": {
                "type": "git",
                "url": "https://github.com/illuminate/database.git",
                "reference": "950527c6138d0ef9011e9106d2647efc05a9e5ce"
            },
            "dist": {
                "type": "zip",
                "url": "https://api.github.com/repos/illuminate/database/zipball/950527c6138d0ef9011e9106d2647efc05a9e5ce",
                "reference": "950527c6138d0ef9011e9106d2647efc05a9e5ce",
                "shasum": ""
            },
            "require": {
                "illuminate/container": "5.6.*",
                "illuminate/contracts": "5.6.*",
                "illuminate/support": "5.6.*",
                "php": "^7.1.3"
            },
            "suggest": {
                "doctrine/dbal": "Required to rename columns and drop SQLite columns (~2.6).",
                "fzaninotto/faker": "Required to use the eloquent factory builder (~1.4).",
                "illuminate/console": "Required to use the database commands (5.6.*).",
                "illuminate/events": "Required to use the observers with Eloquent (5.6.*).",
                "illuminate/filesystem": "Required to use the migrations (5.6.*).",
                "illuminate/pagination": "Required to paginate the result set (5.6.*)."
            },
            "type": "library",
            "extra": {
                "branch-alias": {
                    "dev-master": "5.6-dev"
                }
            },
            "autoload": {
                "psr-4": {
                    "Illuminate\\Database\\": ""
                }
            },
            "notification-url": "https://packagist.org/downloads/",
            "license": [
                "MIT"
            ],
            "authors": [
                {
                    "name": "Taylor Otwell",
                    "email": "taylor@laravel.com"
                }
            ],
            "description": "The Illuminate Database package.",
            "homepage": "https://laravel.com",
            "keywords": [
                "database",
                "laravel",
                "orm",
                "sql"
            ],
            "time": "2018-07-16T13:32:36+00:00"
        },
        {
            "name": "illuminate/events",
            "version": "v5.6.28",
            "source": {
                "type": "git",
                "url": "https://github.com/illuminate/events.git",
                "reference": "b6e73ed40478cef2ef98d5ddb27f333291606cea"
            },
            "dist": {
                "type": "zip",
                "url": "https://api.github.com/repos/illuminate/events/zipball/b6e73ed40478cef2ef98d5ddb27f333291606cea",
                "reference": "b6e73ed40478cef2ef98d5ddb27f333291606cea",
                "shasum": ""
            },
            "require": {
                "illuminate/container": "5.6.*",
                "illuminate/contracts": "5.6.*",
                "illuminate/support": "5.6.*",
                "php": "^7.1.3"
            },
            "type": "library",
            "extra": {
                "branch-alias": {
                    "dev-master": "5.6-dev"
                }
            },
            "autoload": {
                "psr-4": {
                    "Illuminate\\Events\\": ""
                }
            },
            "notification-url": "https://packagist.org/downloads/",
            "license": [
                "MIT"
            ],
            "authors": [
                {
                    "name": "Taylor Otwell",
                    "email": "taylor@laravel.com"
                }
            ],
            "description": "The Illuminate Events package.",
            "homepage": "https://laravel.com",
            "time": "2018-02-26T19:00:55+00:00"
        },
        {
            "name": "illuminate/support",
            "version": "v5.6.28",
            "source": {
                "type": "git",
                "url": "https://github.com/illuminate/support.git",
                "reference": "97ca44c95392ce0a41749fa47b953734d88b94b1"
            },
            "dist": {
                "type": "zip",
                "url": "https://api.github.com/repos/illuminate/support/zipball/97ca44c95392ce0a41749fa47b953734d88b94b1",
                "reference": "97ca44c95392ce0a41749fa47b953734d88b94b1",
                "shasum": ""
            },
            "require": {
                "doctrine/inflector": "~1.1",
                "ext-mbstring": "*",
                "illuminate/contracts": "5.6.*",
                "nesbot/carbon": "^1.24.1",
                "php": "^7.1.3"
            },
            "conflict": {
                "tightenco/collect": "<5.5.33"
            },
            "suggest": {
                "illuminate/filesystem": "Required to use the composer class (5.6.*).",
                "ramsey/uuid": "Required to use Str::uuid() (^3.7).",
                "symfony/process": "Required to use the composer class (~4.0).",
                "symfony/var-dumper": "Required to use the dd function (~4.0)."
            },
            "type": "library",
            "extra": {
                "branch-alias": {
                    "dev-master": "5.6-dev"
                }
            },
            "autoload": {
                "psr-4": {
                    "Illuminate\\Support\\": ""
                },
                "files": [
                    "helpers.php"
                ]
            },
            "notification-url": "https://packagist.org/downloads/",
            "license": [
                "MIT"
            ],
            "authors": [
                {
                    "name": "Taylor Otwell",
                    "email": "taylor@laravel.com"
                }
            ],
            "description": "The Illuminate Support package.",
            "homepage": "https://laravel.com",
            "time": "2018-07-04T01:23:57+00:00"
        },
        {
            "name": "jenssegers/mongodb",
            "version": "v3.4.2",
            "source": {
                "type": "git",
                "url": "https://github.com/jenssegers/laravel-mongodb.git",
                "reference": "e1c6e53e7d614f22c9226992a099d9a6f333851d"
            },
            "dist": {
                "type": "zip",
                "url": "https://api.github.com/repos/jenssegers/laravel-mongodb/zipball/e1c6e53e7d614f22c9226992a099d9a6f333851d",
                "reference": "e1c6e53e7d614f22c9226992a099d9a6f333851d",
                "shasum": ""
            },
            "require": {
                "illuminate/container": "^5.6",
                "illuminate/database": "^5.6",
                "illuminate/events": "^5.6",
                "illuminate/support": "^5.6",
                "mongodb/mongodb": "^1.0.0"
            },
            "require-dev": {
                "doctrine/dbal": "^2.5",
                "mockery/mockery": "^1.0",
                "orchestra/testbench": "^3.1",
                "phpunit/phpunit": "^6.0|^7.0",
                "satooshi/php-coveralls": "^2.0"
            },
            "suggest": {
                "jenssegers/mongodb-sentry": "Add Sentry support to Laravel-MongoDB",
                "jenssegers/mongodb-session": "Add MongoDB session support to Laravel-MongoDB"
            },
            "type": "library",
            "extra": {
                "laravel": {
                    "providers": [
                        "Jenssegers\\Mongodb\\MongodbServiceProvider",
                        "Jenssegers\\Mongodb\\MongodbQueueServiceProvider"
                    ]
                }
            },
            "autoload": {
                "psr-0": {
                    "Jenssegers\\Mongodb": "src/"
                }
            },
            "notification-url": "https://packagist.org/downloads/",
            "license": [
                "MIT"
            ],
            "authors": [
                {
                    "name": "Jens Segers",
                    "homepage": "https://jenssegers.com"
                }
            ],
            "description": "A MongoDB based Eloquent model and Query builder for Laravel (Moloquent)",
            "homepage": "https://github.com/jenssegers/laravel-mongodb",
            "keywords": [
                "database",
                "eloquent",
                "laravel",
                "model",
                "moloquent",
                "mongo",
                "mongodb"
            ],
            "time": "2018-04-25T06:38:53+00:00"
        },
        {
            "name": "mongodb/mongodb",
            "version": "1.3.2",
            "source": {
                "type": "git",
                "url": "https://github.com/mongodb/mongo-php-library.git",
                "reference": "b9f35916125976533f4b1e67a4a0ee7baf1d3bb9"
            },
            "dist": {
                "type": "zip",
                "url": "https://api.github.com/repos/mongodb/mongo-php-library/zipball/b9f35916125976533f4b1e67a4a0ee7baf1d3bb9",
                "reference": "b9f35916125976533f4b1e67a4a0ee7baf1d3bb9",
                "shasum": ""
            },
            "require": {
                "ext-hash": "*",
                "ext-json": "*",
                "ext-mongodb": "^1.4.0",
                "php": ">=5.5"
            },
            "require-dev": {
                "phpunit/phpunit": "^4.8.36 || ^6.4"
            },
            "type": "library",
            "extra": {
                "branch-alias": {
                    "dev-master": "1.3.x-dev"
                }
            },
            "autoload": {
                "psr-4": {
                    "MongoDB\\": "src/"
                },
                "files": [
                    "src/functions.php"
                ]
            },
            "notification-url": "https://packagist.org/downloads/",
            "license": [
                "Apache-2.0"
            ],
            "authors": [
                {
                    "name": "Jeremy Mikola",
                    "email": "jmikola@gmail.com"
                },
                {
                    "name": "Derick Rethans",
                    "email": "github@derickrethans.nl"
                },
                {
                    "name": "Katherine Walker",
                    "email": "katherine.walker@mongodb.com"
                }
            ],
            "description": "MongoDB driver library",
            "homepage": "https://jira.mongodb.org/browse/PHPLIB",
            "keywords": [
                "database",
                "driver",
                "mongodb",
                "persistence"
            ],
            "time": "2018-04-19T17:20:30+00:00"
        },
        {
            "name": "nesbot/carbon",
            "version": "1.32.0",
            "source": {
                "type": "git",
                "url": "https://github.com/briannesbitt/Carbon.git",
                "reference": "64563e2b9f69e4db1b82a60e81efa327a30ff343"
            },
            "dist": {
                "type": "zip",
                "url": "https://api.github.com/repos/briannesbitt/Carbon/zipball/64563e2b9f69e4db1b82a60e81efa327a30ff343",
                "reference": "64563e2b9f69e4db1b82a60e81efa327a30ff343",
                "shasum": ""
            },
            "require": {
                "php": ">=5.3.9",
                "symfony/translation": "~2.6 || ~3.0 || ~4.0"
            },
            "require-dev": {
                "friendsofphp/php-cs-fixer": "~2",
                "phpunit/phpunit": "^4.8.35 || ^5.7"
            },
            "type": "library",
            "extra": {
                "laravel": {
                    "providers": [
                        "Carbon\\Laravel\\ServiceProvider"
                    ]
                }
            },
            "autoload": {
                "psr-4": {
                    "": "src/"
                }
            },
            "notification-url": "https://packagist.org/downloads/",
            "license": [
                "MIT"
            ],
            "authors": [
                {
                    "name": "Brian Nesbitt",
                    "email": "brian@nesbot.com",
                    "homepage": "http://nesbot.com"
                }
            ],
            "description": "A simple API extension for DateTime.",
            "homepage": "http://carbon.nesbot.com",
            "keywords": [
                "date",
                "datetime",
                "time"
            ],
            "time": "2018-07-05T06:59:26+00:00"
        },
        {
            "name": "psr/container",
            "version": "1.0.0",
            "source": {
                "type": "git",
                "url": "https://github.com/php-fig/container.git",
                "reference": "b7ce3b176482dbbc1245ebf52b181af44c2cf55f"
            },
            "dist": {
                "type": "zip",
                "url": "https://api.github.com/repos/php-fig/container/zipball/b7ce3b176482dbbc1245ebf52b181af44c2cf55f",
                "reference": "b7ce3b176482dbbc1245ebf52b181af44c2cf55f",
                "shasum": ""
            },
            "require": {
                "php": ">=5.3.0"
            },
            "type": "library",
            "extra": {
                "branch-alias": {
                    "dev-master": "1.0.x-dev"
                }
            },
            "autoload": {
                "psr-4": {
                    "Psr\\Container\\": "src/"
                }
            },
            "notification-url": "https://packagist.org/downloads/",
            "license": [
                "MIT"
            ],
            "authors": [
                {
                    "name": "PHP-FIG",
                    "homepage": "http://www.php-fig.org/"
                }
            ],
            "description": "Common Container Interface (PHP FIG PSR-11)",
            "homepage": "https://github.com/php-fig/container",
            "keywords": [
                "PSR-11",
                "container",
                "container-interface",
                "container-interop",
                "psr"
            ],
            "time": "2017-02-14T16:28:37+00:00"
        },
        {
            "name": "psr/simple-cache",
            "version": "1.0.1",
            "source": {
                "type": "git",
                "url": "https://github.com/php-fig/simple-cache.git",
                "reference": "408d5eafb83c57f6365a3ca330ff23aa4a5fa39b"
            },
            "dist": {
                "type": "zip",
                "url": "https://api.github.com/repos/php-fig/simple-cache/zipball/408d5eafb83c57f6365a3ca330ff23aa4a5fa39b",
                "reference": "408d5eafb83c57f6365a3ca330ff23aa4a5fa39b",
                "shasum": ""
            },
            "require": {
                "php": ">=5.3.0"
            },
            "type": "library",
            "extra": {
                "branch-alias": {
                    "dev-master": "1.0.x-dev"
                }
            },
            "autoload": {
                "psr-4": {
                    "Psr\\SimpleCache\\": "src/"
                }
            },
            "notification-url": "https://packagist.org/downloads/",
            "license": [
                "MIT"
            ],
            "authors": [
                {
                    "name": "PHP-FIG",
                    "homepage": "http://www.php-fig.org/"
                }
            ],
            "description": "Common interfaces for simple caching",
            "keywords": [
                "cache",
                "caching",
                "psr",
                "psr-16",
                "simple-cache"
            ],
            "time": "2017-10-23T01:57:42+00:00"
        },
        {
            "name": "symfony/polyfill-mbstring",
            "version": "v1.8.0",
            "source": {
                "type": "git",
                "url": "https://github.com/symfony/polyfill-mbstring.git",
                "reference": "3296adf6a6454a050679cde90f95350ad604b171"
            },
            "dist": {
                "type": "zip",
                "url": "https://api.github.com/repos/symfony/polyfill-mbstring/zipball/3296adf6a6454a050679cde90f95350ad604b171",
                "reference": "3296adf6a6454a050679cde90f95350ad604b171",
                "shasum": ""
            },
            "require": {
                "php": ">=5.3.3"
            },
            "suggest": {
                "ext-mbstring": "For best performance"
            },
            "type": "library",
            "extra": {
                "branch-alias": {
                    "dev-master": "1.8-dev"
                }
            },
            "autoload": {
                "psr-4": {
                    "Symfony\\Polyfill\\Mbstring\\": ""
                },
                "files": [
                    "bootstrap.php"
                ]
            },
            "notification-url": "https://packagist.org/downloads/",
            "license": [
                "MIT"
            ],
            "authors": [
                {
                    "name": "Nicolas Grekas",
                    "email": "p@tchwork.com"
                },
                {
                    "name": "Symfony Community",
                    "homepage": "https://symfony.com/contributors"
                }
            ],
            "description": "Symfony polyfill for the Mbstring extension",
            "homepage": "https://symfony.com",
            "keywords": [
                "compatibility",
                "mbstring",
                "polyfill",
                "portable",
                "shim"
            ],
            "time": "2018-04-26T10:06:28+00:00"
        },
        {
            "name": "symfony/translation",
            "version": "v4.1.2",
            "source": {
                "type": "git",
                "url": "https://github.com/symfony/translation.git",
                "reference": "2dd74d6b2dcbd46a93971e6ce7d245cf3123e957"
            },
            "dist": {
                "type": "zip",
                "url": "https://api.github.com/repos/symfony/translation/zipball/2dd74d6b2dcbd46a93971e6ce7d245cf3123e957",
                "reference": "2dd74d6b2dcbd46a93971e6ce7d245cf3123e957",
                "shasum": ""
            },
            "require": {
                "php": "^7.1.3",
                "symfony/polyfill-mbstring": "~1.0"
            },
            "conflict": {
                "symfony/config": "<3.4",
                "symfony/dependency-injection": "<3.4",
                "symfony/yaml": "<3.4"
            },
            "require-dev": {
                "psr/log": "~1.0",
                "symfony/config": "~3.4|~4.0",
                "symfony/console": "~3.4|~4.0",
                "symfony/dependency-injection": "~3.4|~4.0",
                "symfony/finder": "~2.8|~3.0|~4.0",
                "symfony/intl": "~3.4|~4.0",
                "symfony/yaml": "~3.4|~4.0"
            },
            "suggest": {
                "psr/log-implementation": "To use logging capability in translator",
                "symfony/config": "",
                "symfony/yaml": ""
            },
            "type": "library",
            "extra": {
                "branch-alias": {
                    "dev-master": "4.1-dev"
                }
            },
            "autoload": {
                "psr-4": {
                    "Symfony\\Component\\Translation\\": ""
                },
                "exclude-from-classmap": [
                    "/Tests/"
                ]
            },
            "notification-url": "https://packagist.org/downloads/",
            "license": [
                "MIT"
            ],
            "authors": [
                {
                    "name": "Fabien Potencier",
                    "email": "fabien@symfony.com"
                },
                {
                    "name": "Symfony Community",
                    "homepage": "https://symfony.com/contributors"
                }
            ],
            "description": "Symfony Translation Component",
            "homepage": "https://symfony.com",
            "time": "2018-07-23T08:20:20+00:00"
        }
    ],
    "packages-dev": [],
    "aliases": [],
    "minimum-stability": "stable",
    "stability-flags": [],
    "prefer-stable": false,
    "prefer-lowest": false,
    "platform": [],
    "platform-dev": []
}
